
Microsoft Visual Studio Solution File, Format Version 12.00
# Visual Studio Version 17
VisualStudioVersion = 17.4.33213.308
MinimumVisualStudioVersion = 10.0.40219.1
Project("{FAE04EC0-301F-11D3-BF4B-00C04F79EFBC}") = "Zip.Entities", "Zip.Entities\Zip.Entities.csproj", "{38411B8B-B548-4578-8C16-565A2ADD30EF}"
EndProject
Project("{FAE04EC0-301F-11D3-BF4B-00C04F79EFBC}") = "Zip.WinForm", "Zip.WinForm\Zip.WinForm.csproj", "{0E0DEF84-7781-4FD9-A4E3-C05FE1EBD61C}"
EndProject
Project("{FAE04EC0-301F-11D3-BF4B-00C04F79EFBC}") = "Zip.Dal", "Zip.Dal\Zip.Dal.csproj", "{87A625E3-1D62-4687-A321-EB480BB8400B}"
EndProject
Global
	GlobalSection(SolutionConfigurationPlatforms) = preSolution
		Debug|Any CPU = Debug|Any CPU
		Release|Any CPU = Release|Any CPU
	EndGlobalSection
	GlobalSection(ProjectConfigurationPlatforms) = postSolution
		{38411B8B-B548-4578-8C16-565A2ADD30EF}.Debug|Any CPU.ActiveCfg = Debug|Any CPU
		{38411B8B-B548-4578-8C16-565A2ADD30EF}.Debug|Any CPU.Build.0 = Debug|Any CPU
		{38411B8B-B548-4578-8C16-565A2ADD30EF}.Release|Any CPU.ActiveCfg = Release|Any CPU
		{38411B8B-B548-4578-8C16-565A2ADD30EF}.Release|Any CPU.Build.0 = Release|Any CPU
		{0E0DEF84-7781-4FD9-A4E3-C05FE1EBD61C}.Debug|Any CPU.ActiveCfg = Debug|Any CPU
		{0E0DEF84-7781-4FD9-A4E3-C05FE1EBD61C}.Debug|Any CPU.Build.0 = Debug|Any CPU
		{0E0DEF84-7781-4FD9-A4E3-C05FE1EBD61C}.Release|Any CPU.ActiveCfg = Release|Any CPU
		{0E0DEF84-7781-4FD9-A4E3-C05FE1EBD61C}.Release|Any CPU.Build.0 = Release|Any CPU
		{87A625E3-1D62-4687-A321-EB480BB8400B}.Debug|Any CPU.ActiveCfg = Debug|Any CPU
		{87A625E3-1D62-4687-A321-EB480BB8400B}.Debug|Any CPU.Build.0 = Debug|Any CPU
		{87A625E3-1D62-4687-A321-EB480BB8400B}.Release|Any CPU.ActiveCfg = Release|Any CPU
		{87A625E3-1D62-4687-A321-EB480BB8400B}.Release|Any CPU.Build.0 = Release|Any CPU
	EndGlobalSection
	GlobalSection(SolutionProperties) = preSolution
		HideSolutionNode = FALSE
	EndGlobalSection
	GlobalSection(ExtensibilityGlobals) = postSolution
		SolutionGuid = {760CF6CF-8822-4397-A1DA-B521264E0EFC}
	EndGlobalSection
EndGlobal
